
Microsoft Visual Studio Solution File, Format Version 12.00
# Visual Studio Version 17
VisualStudioVersion = 17.13.35818.85 d17.13
MinimumVisualStudioVersion = 10.0.40219.1
Project("{FAE04EC0-301F-11D3-BF4B-00C04F79EFBC}") = "haste-sprite-swap", "haste-sprite-swap.csproj", "{919E285F-8D60-4E80-91CB-991591C08568}"
EndProject
Global
	GlobalSection(SolutionConfigurationPlatforms) = preSolution
		Debug|Any CPU = Debug|Any CPU
		Release|Any CPU = Release|Any CPU
	EndGlobalSection
	GlobalSection(ProjectConfigurationPlatforms) = postSolution
		{919E285F-8D60-4E80-91CB-991591C08568}.Debug|Any CPU.ActiveCfg = Debug|Any CPU
		{919E285F-8D60-4E80-91CB-991591C08568}.Debug|Any CPU.Build.0 = Debug|Any CPU
		{919E285F-8D60-4E80-91CB-991591C08568}.Release|Any CPU.ActiveCfg = Release|Any CPU
		{919E285F-8D60-4E80-91CB-991591C08568}.Release|Any CPU.Build.0 = Release|Any CPU
	EndGlobalSection
	GlobalSection(SolutionProperties) = preSolution
		HideSolutionNode = FALSE
	EndGlobalSection
	GlobalSection(ExtensibilityGlobals) = postSolution
		SolutionGuid = {FAAD3532-F3B0-420C-9868-49D93B7ED187}
	EndGlobalSection
EndGlobal
